
Microsoft Visual Studio Solution File, Format Version 12.00
# Visual Studio Version 16
VisualStudioVersion = 16.0.30309.148
MinimumVisualStudioVersion = 10.0.40219.1
Project("{DB2A3B1F-6F6E-4605-BC79-2952FB57A813}") = "Azure.ResourceManager.SapVirtualInstances", "src\Azure.ResourceManager.SapVirtualInstances.csproj", "{C5DE00A5-722C-4469-87EC-2958D7529C0F}"
EndProject
Project("{DB2A3B1F-6F6E-4605-BC79-2952FB57A813}") = "Azure.ResourceManager.SapVirtualInstances.Tests", "tests\Azure.ResourceManager.SapVirtualInstances.Tests.csproj", "{D433E532-A89F-44C9-B165-7CF0386EC663}"
EndProject
Project("{DB2A3B1F-6F6E-4605-BC79-2952FB57A813}") = "Azure.ResourceManager.SapVirtualInstances.Samples", "samples\Azure.ResourceManager.SapVirtualInstances.Samples.csproj", "{1A525DF4-6D68-4E6B-A694-BA34C6937C9C}"
EndProject
Global
	GlobalSection(SolutionProperties) = preSolution
		HideSolutionNode = FALSE
	EndGlobalSection
	GlobalSection(ExtensibilityGlobals) = postSolution
		SolutionGuid = {DA62C733-3DCF-4EC2-A157-F69ECE67AE5F}
	EndGlobalSection
	GlobalSection(SolutionConfigurationPlatforms) = preSolution
		Debug|Any CPU = Debug|Any CPU
		Debug|x64 = Debug|x64
		Debug|x86 = Debug|x86
		Release|Any CPU = Release|Any CPU
		Release|x64 = Release|x64
		Release|x86 = Release|x86
	EndGlobalSection
	GlobalSection(ProjectConfigurationPlatforms) = postSolution
		{C5DE00A5-722C-4469-87EC-2958D7529C0F}.Debug|Any CPU.ActiveCfg = Debug|Any CPU
		{C5DE00A5-722C-4469-87EC-2958D7529C0F}.Debug|Any CPU.Build.0 = Debug|Any CPU
		{C5DE00A5-722C-4469-87EC-2958D7529C0F}.Debug|x64.ActiveCfg = Debug|Any CPU
		{C5DE00A5-722C-4469-87EC-2958D7529C0F}.Debug|x64.Build.0 = Debug|Any CPU
		{C5DE00A5-722C-4469-87EC-2958D7529C0F}.Debug|x86.ActiveCfg = Debug|Any CPU
		{C5DE00A5-722C-4469-87EC-2958D7529C0F}.Debug|x86.Build.0 = Debug|Any CPU
		{C5DE00A5-722C-4469-87EC-2958D7529C0F}.Release|Any CPU.ActiveCfg = Release|Any CPU
		{C5DE00A5-722C-4469-87EC-2958D7529C0F}.Release|Any CPU.Build.0 = Release|Any CPU
		{C5DE00A5-722C-4469-87EC-2958D7529C0F}.Release|x64.ActiveCfg = Release|Any CPU
		{C5DE00A5-722C-4469-87EC-2958D7529C0F}.Release|x64.Build.0 = Release|Any CPU
		{C5DE00A5-722C-4469-87EC-2958D7529C0F}.Release|x86.ActiveCfg = Release|Any CPU
		{C5DE00A5-722C-4469-87EC-2958D7529C0F}.Release|x86.Build.0 = Release|Any CPU
		{D433E532-A89F-44C9-B165-7CF0386EC663}.Debug|Any CPU.ActiveCfg = Debug|Any CPU
		{D433E532-A89F-44C9-B165-7CF0386EC663}.Debug|Any CPU.Build.0 = Debug|Any CPU
		{D433E532-A89F-44C9-B165-7CF0386EC663}.Debug|x64.ActiveCfg = Debug|Any CPU
		{D433E532-A89F-44C9-B165-7CF0386EC663}.Debug|x64.Build.0 = Debug|Any CPU
		{D433E532-A89F-44C9-B165-7CF0386EC663}.Debug|x86.ActiveCfg = Debug|Any CPU
		{D433E532-A89F-44C9-B165-7CF0386EC663}.Debug|x86.Build.0 = Debug|Any CPU
		{D433E532-A89F-44C9-B165-7CF0386EC663}.Release|Any CPU.ActiveCfg = Release|Any CPU
		{D433E532-A89F-44C9-B165-7CF0386EC663}.Release|Any CPU.Build.0 = Release|Any CPU
		{D433E532-A89F-44C9-B165-7CF0386EC663}.Release|x64.ActiveCfg = Release|Any CPU
		{D433E532-A89F-44C9-B165-7CF0386EC663}.Release|x64.Build.0 = Release|Any CPU
		{D433E532-A89F-44C9-B165-7CF0386EC663}.Release|x86.ActiveCfg = Release|Any CPU
		{D433E532-A89F-44C9-B165-7CF0386EC663}.Release|x86.Build.0 = Release|Any CPU
		{1A525DF4-6D68-4E6B-A694-BA34C6937C9C}.Debug|Any CPU.ActiveCfg = Debug|Any CPU
		{1A525DF4-6D68-4E6B-A694-BA34C6937C9C}.Debug|Any CPU.Build.0 = Debug|Any CPU
		{1A525DF4-6D68-4E6B-A694-BA34C6937C9C}.Debug|x64.ActiveCfg = Debug|Any CPU
		{1A525DF4-6D68-4E6B-A694-BA34C6937C9C}.Debug|x64.Build.0 = Debug|Any CPU
		{1A525DF4-6D68-4E6B-A694-BA34C6937C9C}.Debug|x86.ActiveCfg = Debug|Any CPU
		{1A525DF4-6D68-4E6B-A694-BA34C6937C9C}.Debug|x86.Build.0 = Debug|Any CPU
		{1A525DF4-6D68-4E6B-A694-BA34C6937C9C}.Release|Any CPU.ActiveCfg = Release|Any CPU
		{1A525DF4-6D68-4E6B-A694-BA34C6937C9C}.Release|Any CPU.Build.0 = Release|Any CPU
		{1A525DF4-6D68-4E6B-A694-BA34C6937C9C}.Release|x64.ActiveCfg = Release|Any CPU
		{1A525DF4-6D68-4E6B-A694-BA34C6937C9C}.Release|x64.Build.0 = Release|Any CPU
		{1A525DF4-6D68-4E6B-A694-BA34C6937C9C}.Release|x86.ActiveCfg = Release|Any CPU
		{1A525DF4-6D68-4E6B-A694-BA34C6937C9C}.Release|x86.Build.0 = Release|Any CPU
	EndGlobalSection
EndGlobal
